
Microsoft Visual Studio Solution File, Format Version 12.00
# Visual Studio Version 16
VisualStudioVersion = 16.0.32002.261
MinimumVisualStudioVersion = 10.0.40219.1
Project("{FAE04EC0-301F-11D3-BF4B-00C04F79EFBC}") = "Inventory Mangement System", "Inventory Mangement System\Inventory Mangement System.csproj", "{9B422C89-A231-40A4-A349-9202010469B0}"
EndProject
Global
	GlobalSection(SolutionConfigurationPlatforms) = preSolution
		Debug|Any CPU = Debug|Any CPU
		Release|Any CPU = Release|Any CPU
	EndGlobalSection
	GlobalSection(ProjectConfigurationPlatforms) = postSolution
		{9B422C89-A231-40A4-A349-9202010469B0}.Debug|Any CPU.ActiveCfg = Debug|Any CPU
		{9B422C89-A231-40A4-A349-9202010469B0}.Debug|Any CPU.Build.0 = Debug|Any CPU
		{9B422C89-A231-40A4-A349-9202010469B0}.Release|Any CPU.ActiveCfg = Release|Any CPU
		{9B422C89-A231-40A4-A349-9202010469B0}.Release|Any CPU.Build.0 = Release|Any CPU
	EndGlobalSection
	GlobalSection(SolutionProperties) = preSolution
		HideSolutionNode = FALSE
	EndGlobalSection
	GlobalSection(ExtensibilityGlobals) = postSolution
		SolutionGuid = {90C207E1-928D-4B4B-BFCC-4EA7C841C65B}
	EndGlobalSection
EndGlobal
